
Microsoft Visual Studio Solution File, Format Version 12.00
# Visual Studio Version 16
VisualStudioVersion = 16.0.31515.178
MinimumVisualStudioVersion = 10.0.40219.1
Project("{FAE04EC0-301F-11D3-BF4B-00C04F79EFBC}") = "CRUD-Alumnos", "CRUD-Alumnos.csproj", "{85CFD585-E200-49E5-AE93-92D89BD02F37}"
EndProject
Global
	GlobalSection(SolutionConfigurationPlatforms) = preSolution
		Debug|Any CPU = Debug|Any CPU
		Release|Any CPU = Release|Any CPU
	EndGlobalSection
	GlobalSection(ProjectConfigurationPlatforms) = postSolution
		{85CFD585-E200-49E5-AE93-92D89BD02F37}.Debug|Any CPU.ActiveCfg = Debug|Any CPU
		{85CFD585-E200-49E5-AE93-92D89BD02F37}.Debug|Any CPU.Build.0 = Debug|Any CPU
		{85CFD585-E200-49E5-AE93-92D89BD02F37}.Release|Any CPU.ActiveCfg = Release|Any CPU
		{85CFD585-E200-49E5-AE93-92D89BD02F37}.Release|Any CPU.Build.0 = Release|Any CPU
	EndGlobalSection
	GlobalSection(SolutionProperties) = preSolution
		HideSolutionNode = FALSE
	EndGlobalSection
	GlobalSection(ExtensibilityGlobals) = postSolution
		SolutionGuid = {78B79427-CD1C-4E2D-BFAF-93B4E9FA94B1}
	EndGlobalSection
EndGlobal
